
Microsoft Visual Studio Solution File, Format Version 12.00
Project("{FAE04EC0-301F-11D3-BF4B-00C04F79EFBC}") = "OpusMastery.Admin", "OpusMastery.Admin\OpusMastery.Admin.csproj", "{C1901BB0-0075-40A8-8E41-6565EE1AD5D5}"
EndProject
Project("{FAE04EC0-301F-11D3-BF4B-00C04F79EFBC}") = "OpusMastery.Domain", "OpusMastery.Domain\OpusMastery.Domain.csproj", "{7DB0802F-9692-4EEF-BA6F-4B6A417FD851}"
EndProject
Project("{FAE04EC0-301F-11D3-BF4B-00C04F79EFBC}") = "OpusMastery.Middlewares", "OpusMastery.Middlewares\OpusMastery.Middlewares.csproj", "{D3DA4EC2-4653-4848-B35B-93C78F84B443}"
EndProject
Project("{FAE04EC0-301F-11D3-BF4B-00C04F79EFBC}") = "OpusMastery.Dal", "OpusMastery.Dal\OpusMastery.Dal.csproj", "{A3BA37F0-331B-4982-9F28-C39CEA95B322}"
EndProject
Project("{FAE04EC0-301F-11D3-BF4B-00C04F79EFBC}") = "OpusMastery.Di.Extensions", "OpusMastery.Di.Extensions\OpusMastery.Di.Extensions.csproj", "{CB7231B9-EFBF-484E-8ADD-944FAD06C075}"
EndProject
Project("{FAE04EC0-301F-11D3-BF4B-00C04F79EFBC}") = "OpusMastery.Configuration", "OpusMastery.Configuration\OpusMastery.Configuration.csproj", "{16202B07-FA4E-4733-BB07-5182749C238D}"
EndProject
Project("{FAE04EC0-301F-11D3-BF4B-00C04F79EFBC}") = "OpusMastery.Application", "OpusMastery.Application\OpusMastery.Application.csproj", "{F7AD8A5C-3561-431D-9095-4AFD71D08905}"
EndProject
Project("{FAE04EC0-301F-11D3-BF4B-00C04F79EFBC}") = "OpusMastery.Extensions", "OpusMastery.Extensions\OpusMastery.Extensions.csproj", "{D571E3FB-A37E-4FC4-8641-F6F2DB759595}"
EndProject
Project("{FAE04EC0-301F-11D3-BF4B-00C04F79EFBC}") = "OpusMastery.Exceptions", "OpusMastery.Exceptions\OpusMastery.Exceptions.csproj", "{4648BEE5-2CEF-4A1E-B045-94BFAB360710}"
EndProject
Project("{2150E333-8FDC-42A3-9474-1A3956D46DE8}") = "Tests", "Tests", "{0D56C819-16E1-45F1-88F0-F79BDE0AC8D1}"
EndProject
Project("{FAE04EC0-301F-11D3-BF4B-00C04F79EFBC}") = "OpusMastery.Domain.UnitTests", "OpusMastery.Domain.UnitTests\OpusMastery.Domain.UnitTests.csproj", "{68681A30-B807-410B-BB9B-F06F1A001F31}"
EndProject
Global
	GlobalSection(SolutionConfigurationPlatforms) = preSolution
		Debug|Any CPU = Debug|Any CPU
		Release|Any CPU = Release|Any CPU
	EndGlobalSection
	GlobalSection(ProjectConfigurationPlatforms) = postSolution
		{C1901BB0-0075-40A8-8E41-6565EE1AD5D5}.Debug|Any CPU.ActiveCfg = Debug|Any CPU
		{C1901BB0-0075-40A8-8E41-6565EE1AD5D5}.Debug|Any CPU.Build.0 = Debug|Any CPU
		{C1901BB0-0075-40A8-8E41-6565EE1AD5D5}.Release|Any CPU.ActiveCfg = Release|Any CPU
		{C1901BB0-0075-40A8-8E41-6565EE1AD5D5}.Release|Any CPU.Build.0 = Release|Any CPU
		{7DB0802F-9692-4EEF-BA6F-4B6A417FD851}.Debug|Any CPU.ActiveCfg = Debug|Any CPU
		{7DB0802F-9692-4EEF-BA6F-4B6A417FD851}.Debug|Any CPU.Build.0 = Debug|Any CPU
		{7DB0802F-9692-4EEF-BA6F-4B6A417FD851}.Release|Any CPU.ActiveCfg = Release|Any CPU
		{7DB0802F-9692-4EEF-BA6F-4B6A417FD851}.Release|Any CPU.Build.0 = Release|Any CPU
		{D3DA4EC2-4653-4848-B35B-93C78F84B443}.Debug|Any CPU.ActiveCfg = Debug|Any CPU
		{D3DA4EC2-4653-4848-B35B-93C78F84B443}.Debug|Any CPU.Build.0 = Debug|Any CPU
		{D3DA4EC2-4653-4848-B35B-93C78F84B443}.Release|Any CPU.ActiveCfg = Release|Any CPU
		{D3DA4EC2-4653-4848-B35B-93C78F84B443}.Release|Any CPU.Build.0 = Release|Any CPU
		{A3BA37F0-331B-4982-9F28-C39CEA95B322}.Debug|Any CPU.ActiveCfg = Debug|Any CPU
		{A3BA37F0-331B-4982-9F28-C39CEA95B322}.Debug|Any CPU.Build.0 = Debug|Any CPU
		{A3BA37F0-331B-4982-9F28-C39CEA95B322}.Release|Any CPU.ActiveCfg = Release|Any CPU
		{A3BA37F0-331B-4982-9F28-C39CEA95B322}.Release|Any CPU.Build.0 = Release|Any CPU
		{CB7231B9-EFBF-484E-8ADD-944FAD06C075}.Debug|Any CPU.ActiveCfg = Debug|Any CPU
		{CB7231B9-EFBF-484E-8ADD-944FAD06C075}.Debug|Any CPU.Build.0 = Debug|Any CPU
		{CB7231B9-EFBF-484E-8ADD-944FAD06C075}.Release|Any CPU.ActiveCfg = Release|Any CPU
		{CB7231B9-EFBF-484E-8ADD-944FAD06C075}.Release|Any CPU.Build.0 = Release|Any CPU
		{16202B07-FA4E-4733-BB07-5182749C238D}.Debug|Any CPU.ActiveCfg = Debug|Any CPU
		{16202B07-FA4E-4733-BB07-5182749C238D}.Debug|Any CPU.Build.0 = Debug|Any CPU
		{16202B07-FA4E-4733-BB07-5182749C238D}.Release|Any CPU.ActiveCfg = Release|Any CPU
		{16202B07-FA4E-4733-BB07-5182749C238D}.Release|Any CPU.Build.0 = Release|Any CPU
		{F7AD8A5C-3561-431D-9095-4AFD71D08905}.Debug|Any CPU.ActiveCfg = Debug|Any CPU
		{F7AD8A5C-3561-431D-9095-4AFD71D08905}.Debug|Any CPU.Build.0 = Debug|Any CPU
		{F7AD8A5C-3561-431D-9095-4AFD71D08905}.Release|Any CPU.ActiveCfg = Release|Any CPU
		{F7AD8A5C-3561-431D-9095-4AFD71D08905}.Release|Any CPU.Build.0 = Release|Any CPU
		{D571E3FB-A37E-4FC4-8641-F6F2DB759595}.Debug|Any CPU.ActiveCfg = Debug|Any CPU
		{D571E3FB-A37E-4FC4-8641-F6F2DB759595}.Debug|Any CPU.Build.0 = Debug|Any CPU
		{D571E3FB-A37E-4FC4-8641-F6F2DB759595}.Release|Any CPU.ActiveCfg = Release|Any CPU
		{D571E3FB-A37E-4FC4-8641-F6F2DB759595}.Release|Any CPU.Build.0 = Release|Any CPU
		{4648BEE5-2CEF-4A1E-B045-94BFAB360710}.Debug|Any CPU.ActiveCfg = Debug|Any CPU
		{4648BEE5-2CEF-4A1E-B045-94BFAB360710}.Debug|Any CPU.Build.0 = Debug|Any CPU
		{4648BEE5-2CEF-4A1E-B045-94BFAB360710}.Release|Any CPU.ActiveCfg = Release|Any CPU
		{4648BEE5-2CEF-4A1E-B045-94BFAB360710}.Release|Any CPU.Build.0 = Release|Any CPU
		{68681A30-B807-410B-BB9B-F06F1A001F31}.Debug|Any CPU.ActiveCfg = Debug|Any CPU
		{68681A30-B807-410B-BB9B-F06F1A001F31}.Debug|Any CPU.Build.0 = Debug|Any CPU
		{68681A30-B807-410B-BB9B-F06F1A001F31}.Release|Any CPU.ActiveCfg = Release|Any CPU
		{68681A30-B807-410B-BB9B-F06F1A001F31}.Release|Any CPU.Build.0 = Release|Any CPU
	EndGlobalSection
	GlobalSection(NestedProjects) = preSolution
		{68681A30-B807-410B-BB9B-F06F1A001F31} = {0D56C819-16E1-45F1-88F0-F79BDE0AC8D1}
	EndGlobalSection
EndGlobal
